
Microsoft Visual Studio Solution File, Format Version 12.00
# Visual Studio Version 17
VisualStudioVersion = 17.3.32825.248
MinimumVisualStudioVersion = 10.0.40219.1
Project("{FAE04EC0-301F-11D3-BF4B-00C04F79EFBC}") = "mf-apis-web-services-fuel-manager", "mf-apis-web-services-fuel-manager\mf-apis-web-services-fuel-manager.csproj", "{454E7D8E-372E-45A0-9A29-84D7554CD442}"
EndProject
Global
	GlobalSection(SolutionConfigurationPlatforms) = preSolution
		Debug|Any CPU = Debug|Any CPU
		Release|Any CPU = Release|Any CPU
	EndGlobalSection
	GlobalSection(ProjectConfigurationPlatforms) = postSolution
		{454E7D8E-372E-45A0-9A29-84D7554CD442}.Debug|Any CPU.ActiveCfg = Debug|Any CPU
		{454E7D8E-372E-45A0-9A29-84D7554CD442}.Debug|Any CPU.Build.0 = Debug|Any CPU
		{454E7D8E-372E-45A0-9A29-84D7554CD442}.Release|Any CPU.ActiveCfg = Release|Any CPU
		{454E7D8E-372E-45A0-9A29-84D7554CD442}.Release|Any CPU.Build.0 = Release|Any CPU
	EndGlobalSection
	GlobalSection(SolutionProperties) = preSolution
		HideSolutionNode = FALSE
	EndGlobalSection
	GlobalSection(ExtensibilityGlobals) = postSolution
		SolutionGuid = {4FD8F792-1026-40FD-9AE1-444C55AA0FFB}
	EndGlobalSection
EndGlobal
